
Microsoft Visual Studio Solution File, Format Version 12.00
# Visual Studio Version 17
VisualStudioVersion = 17.10.35013.160
MinimumVisualStudioVersion = 10.0.40219.1
Project("{FAE04EC0-301F-11D3-BF4B-00C04F79EFBC}") = "LegalEazeRewrite", "LegalEazeRewrite\LegalEazeRewrite.csproj", "{62CB76F4-2AEA-474E-A218-64BCFD8FEDB4}"
EndProject
Global
	GlobalSection(SolutionConfigurationPlatforms) = preSolution
		Debug|Any CPU = Debug|Any CPU
		Release|Any CPU = Release|Any CPU
	EndGlobalSection
	GlobalSection(ProjectConfigurationPlatforms) = postSolution
		{62CB76F4-2AEA-474E-A218-64BCFD8FEDB4}.Debug|Any CPU.ActiveCfg = Debug|Any CPU
		{62CB76F4-2AEA-474E-A218-64BCFD8FEDB4}.Debug|Any CPU.Build.0 = Debug|Any CPU
		{62CB76F4-2AEA-474E-A218-64BCFD8FEDB4}.Release|Any CPU.ActiveCfg = Release|Any CPU
		{62CB76F4-2AEA-474E-A218-64BCFD8FEDB4}.Release|Any CPU.Build.0 = Release|Any CPU
	EndGlobalSection
	GlobalSection(SolutionProperties) = preSolution
		HideSolutionNode = FALSE
	EndGlobalSection
	GlobalSection(ExtensibilityGlobals) = postSolution
		SolutionGuid = {ED400F55-91FE-4CEE-9D5B-09DD3722D5A5}
	EndGlobalSection
EndGlobal
